
Microsoft Visual Studio Solution File, Format Version 12.00
# Visual Studio 15
VisualStudioVersion = 15.0.28307.106
MinimumVisualStudioVersion = 10.0.40219.1
Project("{FAE04EC0-301F-11D3-BF4B-00C04F79EFBC}") = "Server", "Server\Server.csproj", "{22F1AA4F-E6AA-4CA8-890D-BAE1E868098E}"
EndProject
Project("{FAE04EC0-301F-11D3-BF4B-00C04F79EFBC}") = "DTO", "DTO\DTO.csproj", "{1F5958FC-11CC-4DA8-9ED0-440D1918A5EF}"
EndProject
Project("{FAE04EC0-301F-11D3-BF4B-00C04F79EFBC}") = "Client", "Client\Client.csproj", "{B247C666-63ED-4FA6-B76E-9BEB6DB34C48}"
EndProject
Project("{FAE04EC0-301F-11D3-BF4B-00C04F79EFBC}") = "ProcessPool", "ProcessPool\ProcessPool.csproj", "{4E9196E9-5641-4D69-AD51-616D953D2410}"
EndProject
Project("{FAE04EC0-301F-11D3-BF4B-00C04F79EFBC}") = "Common", "Common\Common.csproj", "{DE1762DE-72F1-49CB-9BC7-D3576C42BF34}"
EndProject
Global
	GlobalSection(SolutionConfigurationPlatforms) = preSolution
		Debug|Any CPU = Debug|Any CPU
		Release|Any CPU = Release|Any CPU
	EndGlobalSection
	GlobalSection(ProjectConfigurationPlatforms) = postSolution
		{22F1AA4F-E6AA-4CA8-890D-BAE1E868098E}.Debug|Any CPU.ActiveCfg = Debug|Any CPU
		{22F1AA4F-E6AA-4CA8-890D-BAE1E868098E}.Debug|Any CPU.Build.0 = Debug|Any CPU
		{22F1AA4F-E6AA-4CA8-890D-BAE1E868098E}.Release|Any CPU.ActiveCfg = Release|Any CPU
		{22F1AA4F-E6AA-4CA8-890D-BAE1E868098E}.Release|Any CPU.Build.0 = Release|Any CPU
		{1F5958FC-11CC-4DA8-9ED0-440D1918A5EF}.Debug|Any CPU.ActiveCfg = Debug|Any CPU
		{1F5958FC-11CC-4DA8-9ED0-440D1918A5EF}.Debug|Any CPU.Build.0 = Debug|Any CPU
		{1F5958FC-11CC-4DA8-9ED0-440D1918A5EF}.Release|Any CPU.ActiveCfg = Release|Any CPU
		{1F5958FC-11CC-4DA8-9ED0-440D1918A5EF}.Release|Any CPU.Build.0 = Release|Any CPU
		{B247C666-63ED-4FA6-B76E-9BEB6DB34C48}.Debug|Any CPU.ActiveCfg = Debug|Any CPU
		{B247C666-63ED-4FA6-B76E-9BEB6DB34C48}.Debug|Any CPU.Build.0 = Debug|Any CPU
		{B247C666-63ED-4FA6-B76E-9BEB6DB34C48}.Release|Any CPU.ActiveCfg = Release|Any CPU
		{B247C666-63ED-4FA6-B76E-9BEB6DB34C48}.Release|Any CPU.Build.0 = Release|Any CPU
		{4E9196E9-5641-4D69-AD51-616D953D2410}.Debug|Any CPU.ActiveCfg = Debug|Any CPU
		{4E9196E9-5641-4D69-AD51-616D953D2410}.Debug|Any CPU.Build.0 = Debug|Any CPU
		{4E9196E9-5641-4D69-AD51-616D953D2410}.Release|Any CPU.ActiveCfg = Release|Any CPU
		{4E9196E9-5641-4D69-AD51-616D953D2410}.Release|Any CPU.Build.0 = Release|Any CPU
		{DE1762DE-72F1-49CB-9BC7-D3576C42BF34}.Debug|Any CPU.ActiveCfg = Debug|Any CPU
		{DE1762DE-72F1-49CB-9BC7-D3576C42BF34}.Debug|Any CPU.Build.0 = Debug|Any CPU
		{DE1762DE-72F1-49CB-9BC7-D3576C42BF34}.Release|Any CPU.ActiveCfg = Release|Any CPU
		{DE1762DE-72F1-49CB-9BC7-D3576C42BF34}.Release|Any CPU.Build.0 = Release|Any CPU
	EndGlobalSection
	GlobalSection(SolutionProperties) = preSolution
		HideSolutionNode = FALSE
	EndGlobalSection
	GlobalSection(ExtensibilityGlobals) = postSolution
		SolutionGuid = {4B2790F6-B9F7-4AC6-898F-5DF18F47E3FF}
	EndGlobalSection
EndGlobal
